PODS:
  - Flutter (1.0.0)
  - JCore (2.3.4)
  - JPush (3.3.4):
    - JCore (< 3.0.0, >= 2.0.0)
  - jpush_flutter (0.0.2):
    - Flutter
    - JPush

DEPENDENCIES:
  - Flutter (from `Flutter`)
  - jpush_flutter (from `.symlinks/plugins/jpush_flutter/ios`)

SPEC REPOS:
  trunk:
    - JCore
    - JPush

EXTERNAL SOURCES:
  Flutter:
    :path: Flutter
  jpush_flutter:
    :path: ".symlinks/plugins/jpush_flutter/ios"

SPEC CHECKSUMS:
  Flutter: 0e3d915762c693b495b44d77113d4970485de6ec
  JCore: 8aa29dc57ba3730dd9fe7544ce1a4e1cbe221135
  JPush: 6188b8f375a7113f4b62bb33e96e280dbcfa06be
  jpush_flutter: 69133df35eaf9135e540549b154d992c44f8ee44

PODFILE CHECKSUM: aafe91acc616949ddb318b77800a7f51bffa2a4c

COCOAPODS: 1.9.1
